// !$*UTF8*$!
{
	archiveVersion = 1;
	classes = {
	};
	objectVersion = 51;
	objects = {

/* Begin PBXBuildFile section */
		3D2303CF5883261FA99783D3 /* Pods_UniDriver.framework in Frameworks */ = {isa = PBXBuildFile; fileRef = 83428B08D93EAF6CC4DC4A04 /* Pods_UniDriver.framework */; };
		8A4863D22384CCC600A5F293 /* UniDataController.swift in Sources */ = {isa = PBXBuildFile; fileRef = 8A4863D12384CCC600A5F293 /* UniDataController.swift */; };
		8AD0485E2383934700111523 /* FinancialInfo.swift in Sources */ = {isa = PBXBuildFile; fileRef = 8AD0485D2383934700111523 /* FinancialInfo.swift */; };
		8AD048602383938B00111523 /* Location.swift in Sources */ = {isa = PBXBuildFile; fileRef = 8AD0485F2383938B00111523 /* Location.swift */; };
		8AD04862238393CC00111523 /* Trip.swift in Sources */ = {isa = PBXBuildFile; fileRef = 8AD04861238393CC00111523 /* Trip.swift */; };
		8AD048642383940800111523 /* UniUser.swift in Sources */ = {isa = PBXBuildFile; fileRef = 8AD048632383940800111523 /* UniUser.swift */; };
		8AD048662383943400111523 /* Vehicle.swift in Sources */ = {isa = PBXBuildFile; fileRef = 8AD048652383943400111523 /* Vehicle.swift */; };
		8AD04868238394F200111523 /* GoogleService-Info.plist in Sources */ = {isa = PBXBuildFile; fileRef = 8AD04867238394F200111523 /* GoogleService-Info.plist */; };
		9D42B90A235ACC5D004092F9 /* AppDelegate.swift in Sources */ = {isa = PBXBuildFile; fileRef = 9D42B909235ACC5D004092F9 /* AppDelegate.swift */; };
		9D42B90C235ACC5D004092F9 /* SceneDelegate.swift in Sources */ = {isa = PBXBuildFile; fileRef = 9D42B90B235ACC5D004092F9 /* SceneDelegate.swift */; };
		9D42B90E235ACC5D004092F9 /* ViewController.swift in Sources */ = {isa = PBXBuildFile; fileRef = 9D42B90D235ACC5D004092F9 /* ViewController.swift */; };
		9D42B911235ACC5D004092F9 /* Main.storyboard in Resources */ = {isa = PBXBuildFile; fileRef = 9D42B90F235ACC5D004092F9 /* Main.storyboard */; };
		9D42B913235ACC5E004092F9 /* Assets.xcassets in Resources */ = {isa = PBXBuildFile; fileRef = 9D42B912235ACC5E004092F9 /* Assets.xcassets */; };
		9D42B916235ACC5E004092F9 /* LaunchScreen.storyboard in Resources */ = {isa = PBXBuildFile; fileRef = 9D42B914235ACC5E004092F9 /* LaunchScreen.storyboard */; };
		9D547323237A47B400BDB3E3 /* RiderSignUpController.swift in Sources */ = {isa = PBXBuildFile; fileRef = 9D547322237A47B400BDB3E3 /* RiderSignUpController.swift */; };
		9D547325237A47C200BDB3E3 /* DriverSignUpController.swift in Sources */ = {isa = PBXBuildFile; fileRef = 9D547324237A47C200BDB3E3 /* DriverSignUpController.swift */; };
		9D547327237A4A5400BDB3E3 /* LoginController.swift in Sources */ = {isa = PBXBuildFile; fileRef = 9D547326237A4A5400BDB3E3 /* LoginController.swift */; };
		9D547328237A4BB500BDB3E3 /* Gibson-Light.ttf in Resources */ = {isa = PBXBuildFile; fileRef = 9D72599D235AD41900D558B1 /* Gibson-Light.ttf */; };
		9D547329237A4BB800BDB3E3 /* Gibson.ttf in Resources */ = {isa = PBXBuildFile; fileRef = 9D72599F235AD41900D558B1 /* Gibson.ttf */; };
		9D54732A237A4BBB00BDB3E3 /* Gibson-SemiBold.ttf in Resources */ = {isa = PBXBuildFile; fileRef = 9D72599E235AD41900D558B1 /* Gibson-SemiBold.ttf */; };
		9D54732C237A4C0900BDB3E3 /* RiderController.swift in Sources */ = {isa = PBXBuildFile; fileRef = 9D54732B237A4C0900BDB3E3 /* RiderController.swift */; };
		9D54732E237A4C1900BDB3E3 /* DriverController.swift in Sources */ = {isa = PBXBuildFile; fileRef = 9D54732D237A4C1900BDB3E3 /* DriverController.swift */; };
		9D894530238709A800EA8565 /* FindDriverController.swift in Sources */ = {isa = PBXBuildFile; fileRef = 9D89452F238709A800EA8565 /* FindDriverController.swift */; };
		9DB3FFA923777DD80035B148 /* CustomNavController.swift in Sources */ = {isa = PBXBuildFile; fileRef = 9DB3FFA823777DD80035B148 /* CustomNavController.swift */; };
		C70DAF61238708E000FDC933 /* RiderAccountController.swift in Sources */ = {isa = PBXBuildFile; fileRef = C70DAF60238708E000FDC933 /* RiderAccountController.swift */; };
		C70DAF6323870C5100FDC933 /* DriverAccountController.swift in Sources */ = {isa = PBXBuildFile; fileRef = C70DAF6223870C5100FDC933 /* DriverAccountController.swift */; };
/* End PBXBuildFile section */

/* Begin PBXFileReference section */
		0694E08044E3CDF66E6BBD40 /* Pods-UniDriver.release.xcconfig */ = {isa = PBXFileReference; includeInIndex = 1; lastKnownFileType = text.xcconfig; name = "Pods-UniDriver.release.xcconfig"; path = "Target Support Files/Pods-UniDriver/Pods-UniDriver.release.xcconfig"; sourceTree = "<group>"; };
		83428B08D93EAF6CC4DC4A04 /* Pods_UniDriver.framework */ = {isa = PBXFileReference; explicitFileType = wrapper.framework; includeInIndex = 0; path = Pods_UniDriver.framework; sourceTree = BUILT_PRODUCTS_DIR; };
		8A4863D12384CCC600A5F293 /* UniDataController.swift */ = {isa = PBXFileReference; lastKnownFileType = sourcecode.swift; path = UniDataController.swift; sourceTree = "<group>"; };
		8AD0485D2383934700111523 /* FinancialInfo.swift */ = {isa = PBXFileReference; lastKnownFileType = sourcecode.swift; path = FinancialInfo.swift; sourceTree = "<group>"; };
		8AD0485F2383938B00111523 /* Location.swift */ = {isa = PBXFileReference; lastKnownFileType = sourcecode.swift; path = Location.swift; sourceTree = "<group>"; };
		8AD04861238393CC00111523 /* Trip.swift */ = {isa = PBXFileReference; lastKnownFileType = sourcecode.swift; path = Trip.swift; sourceTree = "<group>"; };
		8AD048632383940800111523 /* UniUser.swift */ = {isa = PBXFileReference; lastKnownFileType = sourcecode.swift; path = UniUser.swift; sourceTree = "<group>"; };
		8AD048652383943400111523 /* Vehicle.swift */ = {isa = PBXFileReference; lastKnownFileType = sourcecode.swift; path = Vehicle.swift; sourceTree = "<group>"; };
		8AD04867238394F200111523 /* GoogleService-Info.plist */ = {isa = PBXFileReference; lastKnownFileType = text.plist; path = "GoogleService-Info.plist"; sourceTree = "<group>"; };
		9D42B906235ACC5D004092F9 /* UniDriver.app */ = {isa = PBXFileReference; explicitFileType = wrapper.application; includeInIndex = 0; path = UniDriver.app; sourceTree = BUILT_PRODUCTS_DIR; };
		9D42B909235ACC5D004092F9 /* AppDelegate.swift */ = {isa = PBXFileReference; lastKnownFileType = sourcecode.swift; path = AppDelegate.swift; sourceTree = "<group>"; };
		9D42B90B235ACC5D004092F9 /* SceneDelegate.swift */ = {isa = PBXFileReference; lastKnownFileType = sourcecode.swift; path = SceneDelegate.swift; sourceTree = "<group>"; };
		9D42B90D235ACC5D004092F9 /* ViewController.swift */ = {isa = PBXFileReference; lastKnownFileType = sourcecode.swift; path = ViewController.swift; sourceTree = "<group>"; };
		9D42B910235ACC5D004092F9 /* Base */ = {isa = PBXFileReference; lastKnownFileType = file.storyboard; name = Base; path = Base.lproj/Main.storyboard; sourceTree = "<group>"; };
		9D42B912235ACC5E004092F9 /* Assets.xcassets */ = {isa = PBXFileReference; lastKnownFileType = folder.assetcatalog; path = Assets.xcassets; sourceTree = "<group>"; };
		9D42B915235ACC5E004092F9 /* Base */ = {isa = PBXFileReference; lastKnownFileType = file.storyboard; name = Base; path = Base.lproj/LaunchScreen.storyboard; sourceTree = "<group>"; };
		9D42B917235ACC5E004092F9 /* Info.plist */ = {isa = PBXFileReference; lastKnownFileType = text.plist.xml; path = Info.plist; sourceTree = "<group>"; };
		9D547322237A47B400BDB3E3 /* RiderSignUpController.swift */ = {isa = PBXFileReference; lastKnownFileType = sourcecode.swift; path = RiderSignUpController.swift; sourceTree = "<group>"; };
		9D547324237A47C200BDB3E3 /* DriverSignUpController.swift */ = {isa = PBXFileReference; lastKnownFileType = sourcecode.swift; path = DriverSignUpController.swift; sourceTree = "<group>"; };
		9D547326237A4A5400BDB3E3 /* LoginController.swift */ = {isa = PBXFileReference; lastKnownFileType = sourcecode.swift; path = LoginController.swift; sourceTree = "<group>"; };
		9D54732B237A4C0900BDB3E3 /* RiderController.swift */ = {isa = PBXFileReference; lastKnownFileType = sourcecode.swift; path = RiderController.swift; sourceTree = "<group>"; };
		9D54732D237A4C1900BDB3E3 /* DriverController.swift */ = {isa = PBXFileReference; lastKnownFileType = sourcecode.swift; path = DriverController.swift; sourceTree = "<group>"; };
		9D72599D235AD41900D558B1 /* Gibson-Light.ttf */ = {isa = PBXFileReference; lastKnownFileType = file; path = "Gibson-Light.ttf"; sourceTree = "<group>"; };
		9D72599E235AD41900D558B1 /* Gibson-SemiBold.ttf */ = {isa = PBXFileReference; lastKnownFileType = file; path = "Gibson-SemiBold.ttf"; sourceTree = "<group>"; };
		9D72599F235AD41900D558B1 /* Gibson.ttf */ = {isa = PBXFileReference; lastKnownFileType = file; path = Gibson.ttf; sourceTree = "<group>"; };
		9D89452F238709A800EA8565 /* FindDriverController.swift */ = {isa = PBXFileReference; lastKnownFileType = sourcecode.swift; path = FindDriverController.swift; sourceTree = "<group>"; };
		9DB3FFA823777DD80035B148 /* CustomNavController.swift */ = {isa = PBXFileReference; lastKnownFileType = sourcecode.swift; path = CustomNavController.swift; sourceTree = "<group>"; };
		C70DAF60238708E000FDC933 /* RiderAccountController.swift */ = {isa = PBXFileReference; lastKnownFileType = sourcecode.swift; path = RiderAccountController.swift; sourceTree = "<group>"; };
		C70DAF6223870C5100FDC933 /* DriverAccountController.swift */ = {isa = PBXFileReference; lastKnownFileType = sourcecode.swift; path = DriverAccountController.swift; sourceTree = "<group>"; };
		F763E6707DD34C48352024F9 /* Pods-UniDriver.debug.xcconfig */ = {isa = PBXFileReference; includeInIndex = 1; lastKnownFileType = text.xcconfig; name = "Pods-UniDriver.debug.xcconfig"; path = "Target Support Files/Pods-UniDriver/Pods-UniDriver.debug.xcconfig"; sourceTree = "<group>"; };
/* End PBXFileReference section */

/* Begin PBXFrameworksBuildPhase section */
		9D42B903235ACC5D004092F9 /* Frameworks */ = {
			isa = PBXFrameworksBuildPhase;
			buildActionMask = 2147483647;
			files = (
				3D2303CF5883261FA99783D3 /* Pods_UniDriver.framework in Frameworks */,
			);
			runOnlyForDeploymentPostprocessing = 0;
		};
/* End PBXFrameworksBuildPhase section */

/* Begin PBXGroup section */
		45ECD0C780832A062E9D2A4D /* Frameworks */ = {
			isa = PBXGroup;
			children = (
				83428B08D93EAF6CC4DC4A04 /* Pods_UniDriver.framework */,
			);
			name = Frameworks;
			sourceTree = "<group>";
		};
		8AD0485C238392B500111523 /* Models */ = {
			isa = PBXGroup;
			children = (
				8AD0485D2383934700111523 /* FinancialInfo.swift */,
				8AD0485F2383938B00111523 /* Location.swift */,
				8AD04861238393CC00111523 /* Trip.swift */,
				8AD048632383940800111523 /* UniUser.swift */,
				8AD048652383943400111523 /* Vehicle.swift */,
			);
			path = Models;
			sourceTree = "<group>";
		};
		9D42B8FD235ACC5D004092F9 = {
			isa = PBXGroup;
			children = (
				9D42B908235ACC5D004092F9 /* UniDriver */,
				9D42B907235ACC5D004092F9 /* Products */,
				B1C2ABF476ED49442E66110D /* Pods */,
				45ECD0C780832A062E9D2A4D /* Frameworks */,
			);
			sourceTree = "<group>";
		};
		9D42B907235ACC5D004092F9 /* Products */ = {
			isa = PBXGroup;
			children = (
				9D42B906235ACC5D004092F9 /* UniDriver.app */,
			);
			name = Products;
			sourceTree = "<group>";
		};
		9D42B908235ACC5D004092F9 /* UniDriver */ = {
			isa = PBXGroup;
			children = (
				8AD0485C238392B500111523 /* Models */,
				9D42B909235ACC5D004092F9 /* AppDelegate.swift */,
				9D42B90B235ACC5D004092F9 /* SceneDelegate.swift */,
				9D42B90D235ACC5D004092F9 /* ViewController.swift */,
				9D42B90F235ACC5D004092F9 /* Main.storyboard */,
				9D42B912235ACC5E004092F9 /* Assets.xcassets */,
				9D42B914235ACC5E004092F9 /* LaunchScreen.storyboard */,
				9D42B917235ACC5E004092F9 /* Info.plist */,
				9DF81CCB235AD53000CAAB52 /* Font */,
				9D89452F238709A800EA8565 /* FindDriverController.swift */,
				9DB3FFA823777DD80035B148 /* CustomNavController.swift */,
				9D547322237A47B400BDB3E3 /* RiderSignUpController.swift */,
				9D547324237A47C200BDB3E3 /* DriverSignUpController.swift */,
				9D547326237A4A5400BDB3E3 /* LoginController.swift */,
				9D54732B237A4C0900BDB3E3 /* RiderController.swift */,
				C70DAF60238708E000FDC933 /* RiderAccountController.swift */,
				9D54732D237A4C1900BDB3E3 /* DriverController.swift */,
				C70DAF6223870C5100FDC933 /* DriverAccountController.swift */,
				8AD04867238394F200111523 /* GoogleService-Info.plist */,
				8A4863D12384CCC600A5F293 /* UniDataController.swift */,
			);
			path = UniDriver;
			sourceTree = "<group>";
		};
		9DF81CCB235AD53000CAAB52 /* Font */ = {
			isa = PBXGroup;
			children = (
				9D72599D235AD41900D558B1 /* Gibson-Light.ttf */,
				9D72599F235AD41900D558B1 /* Gibson.ttf */,
				9D72599E235AD41900D558B1 /* Gibson-SemiBold.ttf */,
			);
			path = Font;
			sourceTree = "<group>";
		};
		B1C2ABF476ED49442E66110D /* Pods */ = {
			isa = PBXGroup;
			children = (
				F763E6707DD34C48352024F9 /* Pods-UniDriver.debug.xcconfig */,
				0694E08044E3CDF66E6BBD40 /* Pods-UniDriver.release.xcconfig */,
			);
			path = Pods;
			sourceTree = "<group>";
		};
/* End PBXGroup section */

/* Begin PBXNativeTarget section */
		9D42B905235ACC5D004092F9 /* UniDriver */ = {
			isa = PBXNativeTarget;
			buildConfigurationList = 9D42B91A235ACC5E004092F9 /* Build configuration list for PBXNativeTarget "UniDriver" */;
			buildPhases = (
				99CEF4300E4841EE9D29E1F0 /* [CP] Check Pods Manifest.lock */,
				9D42B902235ACC5D004092F9 /* Sources */,
				9D42B903235ACC5D004092F9 /* Frameworks */,
				9D42B904235ACC5D004092F9 /* Resources */,
				CB5B8103F7001DCA4CDAF3B8 /* [CP] Embed Pods Frameworks */,
				0AC71EBB01E3965E52365D8A /* [CP] Copy Pods Resources */,
			);
			buildRules = (
			);
			dependencies = (
			);
			name = UniDriver;
			productName = UniDriver;
			productReference = 9D42B906235ACC5D004092F9 /* UniDriver.app */;
			productType = "com.apple.product-type.application";
		};
/* End PBXNativeTarget section */

/* Begin PBXProject section */
		9D42B8FE235ACC5D004092F9 /* Project object */ = {
			isa = PBXProject;
			attributes = {
				LastSwiftUpdateCheck = 1110;
				LastUpgradeCheck = 1110;
				ORGANIZATIONNAME = "Zachary Garlett";
				TargetAttributes = {
					9D42B905235ACC5D004092F9 = {
						CreatedOnToolsVersion = 11.1;
					};
				};
			};
			buildConfigurationList = 9D42B901235ACC5D004092F9 /* Build configuration list for PBXProject "UniDriver" */;
			compatibilityVersion = "Xcode 9.3";
			developmentRegion = en;
			hasScannedForEncodings = 0;
			knownRegions = (
				en,
				Base,
			);
			mainGroup = 9D42B8FD235ACC5D004092F9;
			productRefGroup = 9D42B907235ACC5D004092F9 /* Products */;
			projectDirPath = "";
			projectRoot = "";
			targets = (
				9D42B905235ACC5D004092F9 /* UniDriver */,
			);
		};
/* End PBXProject section */

/* Begin PBXResourcesBuildPhase section */
		9D42B904235ACC5D004092F9 /* Resources */ = {
			isa = PBXResourcesBuildPhase;
			buildActionMask = 2147483647;
			files = (
				9D42B916235ACC5E004092F9 /* LaunchScreen.storyboard in Resources */,
				9D42B913235ACC5E004092F9 /* Assets.xcassets in Resources */,
				9D42B911235ACC5D004092F9 /* Main.storyboard in Resources */,
				9D54732A237A4BBB00BDB3E3 /* Gibson-SemiBold.ttf in Resources */,
				9D547329237A4BB800BDB3E3 /* Gibson.ttf in Resources */,
				9D547328237A4BB500BDB3E3 /* Gibson-Light.ttf in Resources */,
			);
			runOnlyForDeploymentPostprocessing = 0;
		};
/* End PBXResourcesBuildPhase section */

/* Begin PBXShellScriptBuildPhase section */
		0AC71EBB01E3965E52365D8A /* [CP] Copy Pods Resources */ = {
			isa = PBXShellScriptBuildPhase;
			buildActionMask = 2147483647;
			files = (
			);
			inputFileListPaths = (
				"${PODS_ROOT}/Target Support Files/Pods-UniDriver/Pods-UniDriver-resources-${CONFIGURATION}-input-files.xcfilelist",
			);
			name = "[CP] Copy Pods Resources";
			outputFileListPaths = (
				"${PODS_ROOT}/Target Support Files/Pods-UniDriver/Pods-UniDriver-resources-${CONFIGURATION}-output-files.xcfilelist",
			);
			runOnlyForDeploymentPostprocessing = 0;
			shellPath = /bin/sh;
			shellScript = "\"${PODS_ROOT}/Target Support Files/Pods-UniDriver/Pods-UniDriver-resources.sh\"\n";
			showEnvVarsInLog = 0;
		};
		99CEF4300E4841EE9D29E1F0 /* [CP] Check Pods Manifest.lock */ = {
			isa = PBXShellScriptBuildPhase;
			buildActionMask = 2147483647;
			files = (
			);
			inputFileListPaths = (
			);
			inputPaths = (
				"${PODS_PODFILE_DIR_PATH}/Podfile.lock",
				"${PODS_ROOT}/Manifest.lock",
			);
			name = "[CP] Check Pods Manifest.lock";
			outputFileListPaths = (
			);
			outputPaths = (
				"$(DERIVED_FILE_DIR)/Pods-UniDriver-checkManifestLockResult.txt",
			);
			runOnlyForDeploymentPostprocessing = 0;
			shellPath = /bin/sh;
			shellScript = "diff \"${PODS_PODFILE_DIR_PATH}/Podfile.lock\" \"${PODS_ROOT}/Manifest.lock\" > /dev/null\nif [ $? != 0 ] ; then\n    # print error to STDERR\n    echo \"error: The sandbox is not in sync with the Podfile.lock. Run 'pod install' or update your CocoaPods installation.\" >&2\n    exit 1\nfi\n# This output is used by Xcode 'outputs' to avoid re-running this script phase.\necho \"SUCCESS\" > \"${SCRIPT_OUTPUT_FILE_0}\"\n";
			showEnvVarsInLog = 0;
		};
		CB5B8103F7001DCA4CDAF3B8 /* [CP] Embed Pods Frameworks */ = {
			isa = PBXShellScriptBuildPhase;
			buildActionMask = 2147483647;
			files = (
			);
			inputFileListPaths = (
				"${PODS_ROOT}/Target Support Files/Pods-UniDriver/Pods-UniDriver-frameworks-${CONFIGURATION}-input-files.xcfilelist",
			);
			name = "[CP] Embed Pods Frameworks";
			outputFileListPaths = (
				"${PODS_ROOT}/Target Support Files/Pods-UniDriver/Pods-UniDriver-frameworks-${CONFIGURATION}-output-files.xcfilelist",
			);
			runOnlyForDeploymentPostprocessing = 0;
			shellPath = /bin/sh;
			shellScript = "\"${PODS_ROOT}/Target Support Files/Pods-UniDriver/Pods-UniDriver-frameworks.sh\"\n";
			showEnvVarsInLog = 0;
		};
/* End PBXShellScriptBuildPhase section */

/* Begin PBXSourcesBuildPhase section */
		9D42B902235ACC5D004092F9 /* Sources */ = {
			isa = PBXSourcesBuildPhase;
			buildActionMask = 2147483647;
			files = (
				8AD04862238393CC00111523 /* Trip.swift in Sources */,
				9DB3FFA923777DD80035B148 /* CustomNavController.swift in Sources */,
				8AD048602383938B00111523 /* Location.swift in Sources */,
				C70DAF61238708E000FDC933 /* RiderAccountController.swift in Sources */,
				9D42B90E235ACC5D004092F9 /* ViewController.swift in Sources */,
				9D894530238709A800EA8565 /* FindDriverController.swift in Sources */,
				8AD048662383943400111523 /* Vehicle.swift in Sources */,
				9D54732C237A4C0900BDB3E3 /* RiderController.swift in Sources */,
				8AD04868238394F200111523 /* GoogleService-Info.plist in Sources */,
				9D42B90A235ACC5D004092F9 /* AppDelegate.swift in Sources */,
				C70DAF6323870C5100FDC933 /* DriverAccountController.swift in Sources */,
				8AD048642383940800111523 /* UniUser.swift in Sources */,
				9D547323237A47B400BDB3E3 /* RiderSignUpController.swift in Sources */,
				9D54732E237A4C1900BDB3E3 /* DriverController.swift in Sources */,
				9D42B90C235ACC5D004092F9 /* SceneDelegate.swift in Sources */,
				8A4863D22384CCC600A5F293 /* UniDataController.swift in Sources */,
				8AD0485E2383934700111523 /* FinancialInfo.swift in Sources */,
				9D547327237A4A5400BDB3E3 /* LoginController.swift in Sources */,
				9D547325237A47C200BDB3E3 /* DriverSignUpController.swift in Sources */,
			);
			runOnlyForDeploymentPostprocessing = 0;
		};
/* End PBXSourcesBuildPhase section */

/* Begin PBXVariantGroup section */
		9D42B90F235ACC5D004092F9 /* Main.storyboard */ = {
			isa = PBXVariantGroup;
			children = (
				9D42B910235ACC5D004092F9 /* Base */,
			);
			name = Main.storyboard;
			sourceTree = "<group>";
		};
		9D42B914235ACC5E004092F9 /* LaunchScreen.storyboard */ = {
			isa = PBXVariantGroup;
			children = (
				9D42B915235ACC5E004092F9 /* Base */,
			);
			name = LaunchScreen.storyboard;
			sourceTree = "<group>";
		};
/* End PBXVariantGroup section */

/* Begin XCBuildConfiguration section */
		9D42B918235ACC5E004092F9 /* Debug */ = {
			isa = XCBuildConfiguration;
			buildSettings = {
				ALWAYS_SEARCH_USER_PATHS = NO;
				CLANG_ANALYZER_NONNULL = YES;
				CLANG_ANALYZER_NUMBER_OBJECT_CONVERSION = YES_AGGRESSIVE;
				CLANG_CXX_LANGUAGE_STANDARD = "gnu++14";
				CLANG_CXX_LIBRARY = "libc++";
				CLANG_ENABLE_MODULES = YES;
				CLANG_ENABLE_OBJC_ARC = YES;
				CLANG_ENABLE_OBJC_WEAK = YES;
				CLANG_WARN_BLOCK_CAPTURE_AUTORELEASING = YES;
				CLANG_WARN_BOOL_CONVERSION = YES;
				CLANG_WARN_COMMA = YES;
				CLANG_WARN_CONSTANT_CONVERSION = YES;
				CLANG_WARN_DEPRECATED_OBJC_IMPLEMENTATIONS = YES;
				CLANG_WARN_DIRECT_OBJC_ISA_USAGE = YES_ERROR;
				CLANG_WARN_DOCUMENTATION_COMMENTS = YES;
				CLANG_WARN_EMPTY_BODY = YES;
				CLANG_WARN_ENUM_CONVERSION = YES;
				CLANG_WARN_INFINITE_RECURSION = YES;
				CLANG_WARN_INT_CONVERSION = YES;
				CLANG_WARN_NON_LITERAL_NULL_CONVERSION = YES;
				CLANG_WARN_OBJC_IMPLICIT_RETAIN_SELF = YES;
				CLANG_WARN_OBJC_LITERAL_CONVERSION = YES;
				CLANG_WARN_OBJC_ROOT_CLASS = YES_ERROR;
				CLANG_WARN_RANGE_LOOP_ANALYSIS = YES;
				CLANG_WARN_STRICT_PROTOTYPES = YES;
				CLANG_WARN_SUSPICIOUS_MOVE = YES;
				CLANG_WARN_UNGUARDED_AVAILABILITY = YES_AGGRESSIVE;
				CLANG_WARN_UNREACHABLE_CODE = YES;
				CLANG_WARN__DUPLICATE_METHOD_MATCH = YES;
				COPY_PHASE_STRIP = NO;
				DEBUG_INFORMATION_FORMAT = dwarf;
				ENABLE_STRICT_OBJC_MSGSEND = YES;
				ENABLE_TESTABILITY = YES;
				GCC_C_LANGUAGE_STANDARD = gnu11;
				GCC_DYNAMIC_NO_PIC = NO;
				GCC_NO_COMMON_BLOCKS = YES;
				GCC_OPTIMIZATION_LEVEL = 0;
				GCC_PREPROCESSOR_DEFINITIONS = (
					"DEBUG=1",
					"$(inherited)",
				);
				GCC_WARN_64_TO_32_BIT_CONVERSION = YES;
				GCC_WARN_ABOUT_RETURN_TYPE = YES_ERROR;
				GCC_WARN_UNDECLARED_SELECTOR = YES;
				GCC_WARN_UNINITIALIZED_AUTOS = YES_AGGRESSIVE;
				GCC_WARN_UNUSED_FUNCTION = YES;
				GCC_WARN_UNUSED_VARIABLE = YES;
				IPHONEOS_DEPLOYMENT_TARGET = 13.1;
				MTL_ENABLE_DEBUG_INFO = INCLUDE_SOURCE;
				MTL_FAST_MATH = YES;
				ONLY_ACTIVE_ARCH = YES;
				SDKROOT = iphoneos;
				SWIFT_ACTIVE_COMPILATION_CONDITIONS = DEBUG;
				SWIFT_OPTIMIZATION_LEVEL = "-Onone";
			};
			name = Debug;
		};
		9D42B919235ACC5E004092F9 /* Release */ = {
			isa = XCBuildConfiguration;
			buildSettings = {
				ALWAYS_SEARCH_USER_PATHS = NO;
				CLANG_ANALYZER_NONNULL = YES;
				CLANG_ANALYZER_NUMBER_OBJECT_CONVERSION = YES_AGGRESSIVE;
				CLANG_CXX_LANGUAGE_STANDARD = "gnu++14";
				CLANG_CXX_LIBRARY = "libc++";
				CLANG_ENABLE_MODULES = YES;
				CLANG_ENABLE_OBJC_ARC = YES;
				CLANG_ENABLE_OBJC_WEAK = YES;
				CLANG_WARN_BLOCK_CAPTURE_AUTORELEASING = YES;
				CLANG_WARN_BOOL_CONVERSION = YES;
				CLANG_WARN_COMMA = YES;
				CLANG_WARN_CONSTANT_CONVERSION = YES;
				CLANG_WARN_DEPRECATED_OBJC_IMPLEMENTATIONS = YES;
				CLANG_WARN_DIRECT_OBJC_ISA_USAGE = YES_ERROR;
				CLANG_WARN_DOCUMENTATION_COMMENTS = YES;
				CLANG_WARN_EMPTY_BODY = YES;
				CLANG_WARN_ENUM_CONVERSION = YES;
				CLANG_WARN_INFINITE_RECURSION = YES;
				CLANG_WARN_INT_CONVERSION = YES;
				CLANG_WARN_NON_LITERAL_NULL_CONVERSION = YES;
				CLANG_WARN_OBJC_IMPLICIT_RETAIN_SELF = YES;
				CLANG_WARN_OBJC_LITERAL_CONVERSION = YES;
				CLANG_WARN_OBJC_ROOT_CLASS = YES_ERROR;
				CLANG_WARN_RANGE_LOOP_ANALYSIS = YES;
				CLANG_WARN_STRICT_PROTOTYPES = YES;
				CLANG_WARN_SUSPICIOUS_MOVE = YES;
				CLANG_WARN_UNGUARDED_AVAILABILITY = YES_AGGRESSIVE;
				CLANG_WARN_UNREACHABLE_CODE = YES;
				CLANG_WARN__DUPLICATE_METHOD_MATCH = YES;
				COPY_PHASE_STRIP = NO;
				DEBUG_INFORMATION_FORMAT = "dwarf-with-dsym";
				ENABLE_NS_ASSERTIONS = NO;
				ENABLE_STRICT_OBJC_MSGSEND = YES;
				GCC_C_LANGUAGE_STANDARD = gnu11;
				GCC_NO_COMMON_BLOCKS = YES;
				GCC_WARN_64_TO_32_BIT_CONVERSION = YES;
				GCC_WARN_ABOUT_RETURN_TYPE = YES_ERROR;
				GCC_WARN_UNDECLARED_SELECTOR = YES;
				GCC_WARN_UNINITIALIZED_AUTOS = YES_AGGRESSIVE;
				GCC_WARN_UNUSED_FUNCTION = YES;
				GCC_WARN_UNUSED_VARIABLE = YES;
				IPHONEOS_DEPLOYMENT_TARGET = 13.1;
				MTL_ENABLE_DEBUG_INFO = NO;
				MTL_FAST_MATH = YES;
				SDKROOT = iphoneos;
				SWIFT_COMPILATION_MODE = wholemodule;
				SWIFT_OPTIMIZATION_LEVEL = "-O";
				VALIDATE_PRODUCT = YES;
			};
			name = Release;
		};
		9D42B91B235ACC5E004092F9 /* Debug */ = {
			isa = XCBuildConfiguration;
			baseConfigurationReference = F763E6707DD34C48352024F9 /* Pods-UniDriver.debug.xcconfig */;
			buildSettings = {
				ASSETCATALOG_COMPILER_APPICON_NAME = AppIcon;
				CODE_SIGN_STYLE = Automatic;
				DEVELOPMENT_TEAM = N75ZGP2KK9;
				INFOPLIST_FILE = UniDriver/Info.plist;
				LD_RUNPATH_SEARCH_PATHS = (
					"$(inherited)",
					"@executable_path/Frameworks",
				);
				PRODUCT_BUNDLE_IDENTIFIER = education.UniDriver;
				PRODUCT_NAME = "$(TARGET_NAME)";
				SWIFT_VERSION = 5.0;
				TARGETED_DEVICE_FAMILY = "1,2";
			};
			name = Debug;
		};
		9D42B91C235ACC5E004092F9 /* Release */ = {
			isa = XCBuildConfiguration;
			baseConfigurationReference = 0694E08044E3CDF66E6BBD40 /* Pods-UniDriver.release.xcconfig */;
			buildSettings = {
				ASSETCATALOG_COMPILER_APPICON_NAME = AppIcon;
				CODE_SIGN_STYLE = Automatic;
				DEVELOPMENT_TEAM = N75ZGP2KK9;
				INFOPLIST_FILE = UniDriver/Info.plist;
				LD_RUNPATH_SEARCH_PATHS = (
					"$(inherited)",
					"@executable_path/Frameworks",
				);
				PRODUCT_BUNDLE_IDENTIFIER = education.UniDriver;
				PRODUCT_NAME = "$(TARGET_NAME)";
				SWIFT_VERSION = 5.0;
				TARGETED_DEVICE_FAMILY = "1,2";
			};
			name = Release;
		};
/* End XCBuildConfiguration section */

/* Begin XCConfigurationList section */
		9D42B901235ACC5D004092F9 /* Build configuration list for PBXProject "UniDriver" */ = {
			isa = XCConfigurationList;
			buildConfigurations = (
				9D42B918235ACC5E004092F9 /* Debug */,
				9D42B919235ACC5E004092F9 /* Release */,
			);
			defaultConfigurationIsVisible = 0;
			defaultConfigurationName = Release;
		};
		9D42B91A235ACC5E004092F9 /* Build configuration list for PBXNativeTarget "UniDriver" */ = {
			isa = XCConfigurationList;
			buildConfigurations = (
				9D42B91B235ACC5E004092F9 /* Debug */,
				9D42B91C235ACC5E004092F9 /* Release */,
			);
			defaultConfigurationIsVisible = 0;
			defaultConfigurationName = Release;
		};
/* End XCConfigurationList section */
	};
	rootObject = 9D42B8FE235ACC5D004092F9 /* Project object */;
}
